
Microsoft Visual Studio Solution File, Format Version 12.00
# Visual Studio Version 17
VisualStudioVersion = 17.8.34408.163
MinimumVisualStudioVersion = 10.0.40219.1
Project("{9A19103F-16F7-4668-BE54-9A1E7A4F7556}") = "IdentityServerSample", "IdentityServerSample\IdentityServerSample.csproj", "{C94BB18A-CD7C-4D09-9C6D-1EC088CDD8B0}"
EndProject
Project("{FAE04EC0-301F-11D3-BF4B-00C04F79EFBC}") = "ClientAspNetCoreMVC", "ClientAspNetCoreMVC\ClientAspNetCoreMVC.csproj", "{60A3DA44-6071-470D-AAD6-F21086622723}"
EndProject
Global
	GlobalSection(SolutionConfigurationPlatforms) = preSolution
		Debug|Any CPU = Debug|Any CPU
		Release|Any CPU = Release|Any CPU
	EndGlobalSection
	GlobalSection(ProjectConfigurationPlatforms) = postSolution
		{C94BB18A-CD7C-4D09-9C6D-1EC088CDD8B0}.Debug|Any CPU.ActiveCfg = Debug|Any CPU
		{C94BB18A-CD7C-4D09-9C6D-1EC088CDD8B0}.Debug|Any CPU.Build.0 = Debug|Any CPU
		{C94BB18A-CD7C-4D09-9C6D-1EC088CDD8B0}.Release|Any CPU.ActiveCfg = Release|Any CPU
		{C94BB18A-CD7C-4D09-9C6D-1EC088CDD8B0}.Release|Any CPU.Build.0 = Release|Any CPU
		{60A3DA44-6071-470D-AAD6-F21086622723}.Debug|Any CPU.ActiveCfg = Debug|Any CPU
		{60A3DA44-6071-470D-AAD6-F21086622723}.Debug|Any CPU.Build.0 = Debug|Any CPU
		{60A3DA44-6071-470D-AAD6-F21086622723}.Release|Any CPU.ActiveCfg = Release|Any CPU
		{60A3DA44-6071-470D-AAD6-F21086622723}.Release|Any CPU.Build.0 = Release|Any CPU
	EndGlobalSection
	GlobalSection(SolutionProperties) = preSolution
		HideSolutionNode = FALSE
	EndGlobalSection
	GlobalSection(ExtensibilityGlobals) = postSolution
		SolutionGuid = {EC191CA8-0845-471E-A94A-F7DF6F65D7BC}
	EndGlobalSection
EndGlobal
